
Microsoft Visual Studio Solution File, Format Version 12.00
# Visual Studio Version 17
VisualStudioVersion = 17.4.33110.190
MinimumVisualStudioVersion = 10.0.40219.1
Project("{8BC9CEB8-8B4A-11D0-8D11-00A0C91BC942}") = "Sum", "Sum.vcxproj", "{3987FB4E-625A-4145-BACC-90F220A365BD}"
EndProject
Global
	GlobalSection(SolutionConfigurationPlatforms) = preSolution
		Debug|x64 = Debug|x64
		Debug|x86 = Debug|x86
		Release|x64 = Release|x64
		Release|x86 = Release|x86
	EndGlobalSection
	GlobalSection(ProjectConfigurationPlatforms) = postSolution
		{3987FB4E-625A-4145-BACC-90F220A365BD}.Debug|x64.ActiveCfg = Debug|x64
		{3987FB4E-625A-4145-BACC-90F220A365BD}.Debug|x64.Build.0 = Debug|x64
		{3987FB4E-625A-4145-BACC-90F220A365BD}.Debug|x86.ActiveCfg = Debug|Win32
		{3987FB4E-625A-4145-BACC-90F220A365BD}.Debug|x86.Build.0 = Debug|Win32
		{3987FB4E-625A-4145-BACC-90F220A365BD}.Release|x64.ActiveCfg = Release|x64
		{3987FB4E-625A-4145-BACC-90F220A365BD}.Release|x64.Build.0 = Release|x64
		{3987FB4E-625A-4145-BACC-90F220A365BD}.Release|x86.ActiveCfg = Release|Win32
		{3987FB4E-625A-4145-BACC-90F220A365BD}.Release|x86.Build.0 = Release|Win32
	EndGlobalSection
	GlobalSection(SolutionProperties) = preSolution
		HideSolutionNode = FALSE
	EndGlobalSection
	GlobalSection(ExtensibilityGlobals) = postSolution
		SolutionGuid = {49596A26-41EA-44A6-BFBC-47453C2D3A5F}
	EndGlobalSection
EndGlobal
